// !$*UTF8*$!
{
	archiveVersion = 1;
	classes = {
	};
	objectVersion = 56;
	objects = {

/* Begin PBXBuildFile section */
		7D51ECDB2B8F39F900064AC8 /* InfinityFallMaddalone Watch App.app in Embed Watch Content */ = {isa = PBXBuildFile; fileRef = 7D51ECDA2B8F39F900064AC8 /* InfinityFallMaddalone Watch App.app */; settings = {ATTRIBUTES = (RemoveHeadersOnCopy, ); }; };
		7D51ECE02B8F39F900064AC8 /* InfinityFallMaddaloneApp.swift in Sources */ = {isa = PBXBuildFile; fileRef = 7D51ECDF2B8F39F900064AC8 /* InfinityFallMaddaloneApp.swift */; };
		7D51ECE22B8F39F900064AC8 /* ContentView.swift in Sources */ = {isa = PBXBuildFile; fileRef = 7D51ECE12B8F39F900064AC8 /* ContentView.swift */; };
		7D51ECE42B8F39FA00064AC8 /* Assets.xcassets in Resources */ = {isa = PBXBuildFile; fileRef = 7D51ECE32B8F39FA00064AC8 /* Assets.xcassets */; };
		7D51ECE72B8F39FA00064AC8 /* Preview Assets.xcassets in Resources */ = {isa = PBXBuildFile; fileRef = 7D51ECE62B8F39FA00064AC8 /* Preview Assets.xcassets */; };
		7D51ECF22B8F3A6E00064AC8 /* ObstacleView.swift in Sources */ = {isa = PBXBuildFile; fileRef = 7D51ECF12B8F3A6E00064AC8 /* ObstacleView.swift */; };
		7D51ECF42B8F3ADF00064AC8 /* DinoStateModel.swift in Sources */ = {isa = PBXBuildFile; fileRef = 7D51ECF32B8F3ADF00064AC8 /* DinoStateModel.swift */; };
		7D51ECF72B8F3AFC00064AC8 /* ObstacleModel.swift in Sources */ = {isa = PBXBuildFile; fileRef = 7D51ECF62B8F3AFC00064AC8 /* ObstacleModel.swift */; };
		7D51ECFA2B8F3B1A00064AC8 /* DinoView.swift in Sources */ = {isa = PBXBuildFile; fileRef = 7D51ECF92B8F3B1A00064AC8 /* DinoView.swift */; };
/* End PBXBuildFile section */

/* Begin PBXContainerItemProxy section */
		7D51ECDC2B8F39F900064AC8 /* PBXContainerItemProxy */ = {
			isa = PBXContainerItemProxy;
			containerPortal = 7D51ECCE2B8F39F800064AC8 /* Project object */;
			proxyType = 1;
			remoteGlobalIDString = 7D51ECD92B8F39F900064AC8;
			remoteInfo = "InfinityFallMaddalone Watch App";
		};
/* End PBXContainerItemProxy section */

/* Begin PBXCopyFilesBuildPhase section */
		7D51ECED2B8F39FA00064AC8 /* Embed Watch Content */ = {
			isa = PBXCopyFilesBuildPhase;
			buildActionMask = 2147483647;
			dstPath = "$(CONTENTS_FOLDER_PATH)/Watch";
			dstSubfolderSpec = 16;
			files = (
				7D51ECDB2B8F39F900064AC8 /* InfinityFallMaddalone Watch App.app in Embed Watch Content */,
			);
			name = "Embed Watch Content";
			runOnlyForDeploymentPostprocessing = 0;
		};
/* End PBXCopyFilesBuildPhase section */

/* Begin PBXFileReference section */
		7D51ECD42B8F39F800064AC8 /* InfinityFallMaddalone.app */ = {isa = PBXFileReference; explicitFileType = wrapper.application; includeInIndex = 0; path = InfinityFallMaddalone.app; sourceTree = BUILT_PRODUCTS_DIR; };
		7D51ECDA2B8F39F900064AC8 /* InfinityFallMaddalone Watch App.app */ = {isa = PBXFileReference; explicitFileType = wrapper.application; includeInIndex = 0; path = "InfinityFallMaddalone Watch App.app"; sourceTree = BUILT_PRODUCTS_DIR; };
		7D51ECDF2B8F39F900064AC8 /* InfinityFallMaddaloneApp.swift */ = {isa = PBXFileReference; lastKnownFileType = sourcecode.swift; path = InfinityFallMaddaloneApp.swift; sourceTree = "<group>"; };
		7D51ECE12B8F39F900064AC8 /* ContentView.swift */ = {isa = PBXFileReference; lastKnownFileType = sourcecode.swift; path = ContentView.swift; sourceTree = "<group>"; };
		7D51ECE32B8F39FA00064AC8 /* Assets.xcassets */ = {isa = PBXFileReference; lastKnownFileType = folder.assetcatalog; path = Assets.xcassets; sourceTree = "<group>"; };
		7D51ECE62B8F39FA00064AC8 /* Preview Assets.xcassets */ = {isa = PBXFileReference; lastKnownFileType = folder.assetcatalog; path = "Preview Assets.xcassets"; sourceTree = "<group>"; };
		7D51ECF12B8F3A6E00064AC8 /* ObstacleView.swift */ = {isa = PBXFileReference; lastKnownFileType = sourcecode.swift; path = ObstacleView.swift; sourceTree = "<group>"; };
		7D51ECF32B8F3ADF00064AC8 /* DinoStateModel.swift */ = {isa = PBXFileReference; lastKnownFileType = sourcecode.swift; path = DinoStateModel.swift; sourceTree = "<group>"; };
		7D51ECF62B8F3AFC00064AC8 /* ObstacleModel.swift */ = {isa = PBXFileReference; lastKnownFileType = sourcecode.swift; path = ObstacleModel.swift; sourceTree = "<group>"; };
		7D51ECF92B8F3B1A00064AC8 /* DinoView.swift */ = {isa = PBXFileReference; lastKnownFileType = sourcecode.swift; path = DinoView.swift; sourceTree = "<group>"; };
/* End PBXFileReference section */

/* Begin PBXFrameworksBuildPhase section */
		7D51ECD72B8F39F900064AC8 /* Frameworks */ = {
			isa = PBXFrameworksBuildPhase;
			buildActionMask = 2147483647;
			files = (
			);
			runOnlyForDeploymentPostprocessing = 0;
		};
/* End PBXFrameworksBuildPhase section */

/* Begin PBXGroup section */
		7D51ECCD2B8F39F800064AC8 = {
			isa = PBXGroup;
			children = (
				7D51ECDE2B8F39F900064AC8 /* InfinityFallMaddalone Watch App */,
				7D51ECD52B8F39F800064AC8 /* Products */,
			);
			sourceTree = "<group>";
		};
		7D51ECD52B8F39F800064AC8 /* Products */ = {
			isa = PBXGroup;
			children = (
				7D51ECD42B8F39F800064AC8 /* InfinityFallMaddalone.app */,
				7D51ECDA2B8F39F900064AC8 /* InfinityFallMaddalone Watch App.app */,
			);
			name = Products;
			sourceTree = "<group>";
		};
		7D51ECDE2B8F39F900064AC8 /* InfinityFallMaddalone Watch App */ = {
			isa = PBXGroup;
			children = (
				7D51ECDF2B8F39F900064AC8 /* InfinityFallMaddaloneApp.swift */,
				7D51ECE12B8F39F900064AC8 /* ContentView.swift */,
				7D51ECF82B8F3B0A00064AC8 /* Core */,
				7D51ECF52B8F3AEF00064AC8 /* Models */,
				7D51ECE32B8F39FA00064AC8 /* Assets.xcassets */,
				7D51ECE52B8F39FA00064AC8 /* Preview Content */,
			);
			path = "InfinityFallMaddalone Watch App";
			sourceTree = "<group>";
		};
		7D51ECE52B8F39FA00064AC8 /* Preview Content */ = {
			isa = PBXGroup;
			children = (
				7D51ECE62B8F39FA00064AC8 /* Preview Assets.xcassets */,
			);
			path = "Preview Content";
			sourceTree = "<group>";
		};
		7D51ECF52B8F3AEF00064AC8 /* Models */ = {
			isa = PBXGroup;
			children = (
				7D51ECF32B8F3ADF00064AC8 /* DinoStateModel.swift */,
				7D51ECF62B8F3AFC00064AC8 /* ObstacleModel.swift */,
			);
			path = Models;
			sourceTree = "<group>";
		};
		7D51ECF82B8F3B0A00064AC8 /* Core */ = {
			isa = PBXGroup;
			children = (
				7D51ECF12B8F3A6E00064AC8 /* ObstacleView.swift */,
				7D51ECF92B8F3B1A00064AC8 /* DinoView.swift */,
			);
			path = Core;
			sourceTree = "<group>";
		};
/* End PBXGroup section */

/* Begin PBXNativeTarget section */
		7D51ECD32B8F39F800064AC8 /* InfinityFallMaddalone */ = {
			isa = PBXNativeTarget;
			buildConfigurationList = 7D51ECEE2B8F39FA00064AC8 /* Build configuration list for PBXNativeTarget "InfinityFallMaddalone" */;
			buildPhases = (
				7D51ECD22B8F39F800064AC8 /* Resources */,
				7D51ECED2B8F39FA00064AC8 /* Embed Watch Content */,
			);
			buildRules = (
			);
			dependencies = (
				7D51ECDD2B8F39F900064AC8 /* PBXTargetDependency */,
			);
			name = InfinityFallMaddalone;
			productName = InfinityFallMaddalone;
			productReference = 7D51ECD42B8F39F800064AC8 /* InfinityFallMaddalone.app */;
			productType = "com.apple.product-type.application.watchapp2-container";
		};
		7D51ECD92B8F39F900064AC8 /* InfinityFallMaddalone Watch App */ = {
			isa = PBXNativeTarget;
			buildConfigurationList = 7D51ECEA2B8F39FA00064AC8 /* Build configuration list for PBXNativeTarget "InfinityFallMaddalone Watch App" */;
			buildPhases = (
				7D51ECD62B8F39F900064AC8 /* Sources */,
				7D51ECD72B8F39F900064AC8 /* Frameworks */,
				7D51ECD82B8F39F900064AC8 /* Resources */,
			);
			buildRules = (
			);
			dependencies = (
			);
			name = "InfinityFallMaddalone Watch App";
			productName = "InfinityFallMaddalone Watch App";
			productReference = 7D51ECDA2B8F39F900064AC8 /* InfinityFallMaddalone Watch App.app */;
			productType = "com.apple.product-type.application";
		};
/* End PBXNativeTarget section */

/* Begin PBXProject section */
		7D51ECCE2B8F39F800064AC8 /* Project object */ = {
			isa = PBXProject;
			attributes = {
				BuildIndependentTargetsInParallel = 1;
				LastSwiftUpdateCheck = 1520;
				LastUpgradeCheck = 1520;
				TargetAttributes = {
					7D51ECD32B8F39F800064AC8 = {
						CreatedOnToolsVersion = 15.2;
					};
					7D51ECD92B8F39F900064AC8 = {
						CreatedOnToolsVersion = 15.2;
					};
				};
			};
			buildConfigurationList = 7D51ECD12B8F39F800064AC8 /* Build configuration list for PBXProject "InfinityFallMaddalone" */;
			compatibilityVersion = "Xcode 14.0";
			developmentRegion = en;
			hasScannedForEncodings = 0;
			knownRegions = (
				en,
				Base,
			);
			mainGroup = 7D51ECCD2B8F39F800064AC8;
			productRefGroup = 7D51ECD52B8F39F800064AC8 /* Products */;
			projectDirPath = "";
			projectRoot = "";
			targets = (
				7D51ECD32B8F39F800064AC8 /* InfinityFallMaddalone */,
				7D51ECD92B8F39F900064AC8 /* InfinityFallMaddalone Watch App */,
			);
		};
/* End PBXProject section */

/* Begin PBXResourcesBuildPhase section */
		7D51ECD22B8F39F800064AC8 /* Resources */ = {
			isa = PBXResourcesBuildPhase;
			buildActionMask = 2147483647;
			files = (
			);
			runOnlyForDeploymentPostprocessing = 0;
		};
		7D51ECD82B8F39F900064AC8 /* Resources */ = {
			isa = PBXResourcesBuildPhase;
			buildActionMask = 2147483647;
			files = (
				7D51ECE72B8F39FA00064AC8 /* Preview Assets.xcassets in Resources */,
				7D51ECE42B8F39FA00064AC8 /* Assets.xcassets in Resources */,
			);
			runOnlyForDeploymentPostprocessing = 0;
		};
/* End PBXResourcesBuildPhase section */

/* Begin PBXSourcesBuildPhase section */
		7D51ECD62B8F39F900064AC8 /* Sources */ = {
			isa = PBXSourcesBuildPhase;
			buildActionMask = 2147483647;
			files = (
				7D51ECF72B8F3AFC00064AC8 /* ObstacleModel.swift in Sources */,
				7D51ECE22B8F39F900064AC8 /* ContentView.swift in Sources */,
				7D51ECF22B8F3A6E00064AC8 /* ObstacleView.swift in Sources */,
				7D51ECE02B8F39F900064AC8 /* InfinityFallMaddaloneApp.swift in Sources */,
				7D51ECFA2B8F3B1A00064AC8 /* DinoView.swift in Sources */,
				7D51ECF42B8F3ADF00064AC8 /* DinoStateModel.swift in Sources */,
			);
			runOnlyForDeploymentPostprocessing = 0;
		};
/* End PBXSourcesBuildPhase section */

/* Begin PBXTargetDependency section */
		7D51ECDD2B8F39F900064AC8 /* PBXTargetDependency */ = {
			isa = PBXTargetDependency;
			target = 7D51ECD92B8F39F900064AC8 /* InfinityFallMaddalone Watch App */;
			targetProxy = 7D51ECDC2B8F39F900064AC8 /* PBXContainerItemProxy */;
		};
/* End PBXTargetDependency section */

/* Begin XCBuildConfiguration section */
		7D51ECE82B8F39FA00064AC8 /* Debug */ = {
			isa = XCBuildConfiguration;
			buildSettings = {
				ALWAYS_SEARCH_USER_PATHS = NO;
				ASSETCATALOG_COMPILER_GENERATE_SWIFT_ASSET_SYMBOL_EXTENSIONS = YES;
				CLANG_ANALYZER_NONNULL = YES;
				CLANG_ANALYZER_NUMBER_OBJECT_CONVERSION = YES_AGGRESSIVE;
				CLANG_CXX_LANGUAGE_STANDARD = "gnu++20";
				CLANG_ENABLE_MODULES = YES;
				CLANG_ENABLE_OBJC_ARC = YES;
				CLANG_ENABLE_OBJC_WEAK = YES;
				CLANG_WARN_BLOCK_CAPTURE_AUTORELEASING = YES;
				CLANG_WARN_BOOL_CONVERSION = YES;
				CLANG_WARN_COMMA = YES;
				CLANG_WARN_CONSTANT_CONVERSION = YES;
				CLANG_WARN_DEPRECATED_OBJC_IMPLEMENTATIONS = YES;
				CLANG_WARN_DIRECT_OBJC_ISA_USAGE = YES_ERROR;
				CLANG_WARN_DOCUMENTATION_COMMENTS = YES;
				CLANG_WARN_EMPTY_BODY = YES;
				CLANG_WARN_ENUM_CONVERSION = YES;
				CLANG_WARN_INFINITE_RECURSION = YES;
				CLANG_WARN_INT_CONVERSION = YES;
				CLANG_WARN_NON_LITERAL_NULL_CONVERSION = YES;
				CLANG_WARN_OBJC_IMPLICIT_RETAIN_SELF = YES;
				CLANG_WARN_OBJC_LITERAL_CONVERSION = YES;
				CLANG_WARN_OBJC_ROOT_CLASS = YES_ERROR;
				CLANG_WARN_QUOTED_INCLUDE_IN_FRAMEWORK_HEADER = YES;
				CLANG_WARN_RANGE_LOOP_ANALYSIS = YES;
				CLANG_WARN_STRICT_PROTOTYPES = YES;
				CLANG_WARN_SUSPICIOUS_MOVE = YES;
				CLANG_WARN_UNGUARDED_AVAILABILITY = YES_AGGRESSIVE;
				CLANG_WARN_UNREACHABLE_CODE = YES;
				CLANG_WARN__DUPLICATE_METHOD_MATCH = YES;
				COPY_PHASE_STRIP = NO;
				DEBUG_INFORMATION_FORMAT = dwarf;
				ENABLE_STRICT_OBJC_MSGSEND = YES;
				ENABLE_TESTABILITY = YES;
				ENABLE_USER_SCRIPT_SANDBOXING = YES;
				GCC_C_LANGUAGE_STANDARD = gnu17;
				GCC_DYNAMIC_NO_PIC = NO;
				GCC_NO_COMMON_BLOCKS = YES;
				GCC_OPTIMIZATION_LEVEL = 0;
				GCC_PREPROCESSOR_DEFINITIONS = (
					"DEBUG=1",
					"$(inherited)",
				);
				GCC_WARN_64_TO_32_BIT_CONVERSION = YES;
				GCC_WARN_ABOUT_RETURN_TYPE = YES_ERROR;
				GCC_WARN_UNDECLARED_SELECTOR = YES;
				GCC_WARN_UNINITIALIZED_AUTOS = YES_AGGRESSIVE;
				GCC_WARN_UNUSED_FUNCTION = YES;
				GCC_WARN_UNUSED_VARIABLE = YES;
				LOCALIZATION_PREFERS_STRING_CATALOGS = YES;
				MTL_ENABLE_DEBUG_INFO = INCLUDE_SOURCE;
				MTL_FAST_MATH = YES;
				ONLY_ACTIVE_ARCH = YES;
				SWIFT_ACTIVE_COMPILATION_CONDITIONS = "DEBUG $(inherited)";
				SWIFT_OPTIMIZATION_LEVEL = "-Onone";
			};
			name = Debug;
		};
		7D51ECE92B8F39FA00064AC8 /* Release */ = {
			isa = XCBuildConfiguration;
			buildSettings = {
				ALWAYS_SEARCH_USER_PATHS = NO;
				ASSETCATALOG_COMPILER_GENERATE_SWIFT_ASSET_SYMBOL_EXTENSIONS = YES;
				CLANG_ANALYZER_NONNULL = YES;
				CLANG_ANALYZER_NUMBER_OBJECT_CONVERSION = YES_AGGRESSIVE;
				CLANG_CXX_LANGUAGE_STANDARD = "gnu++20";
				CLANG_ENABLE_MODULES = YES;
				CLANG_ENABLE_OBJC_ARC = YES;
				CLANG_ENABLE_OBJC_WEAK = YES;
				CLANG_WARN_BLOCK_CAPTURE_AUTORELEASING = YES;
				CLANG_WARN_BOOL_CONVERSION = YES;
				CLANG_WARN_COMMA = YES;
				CLANG_WARN_CONSTANT_CONVERSION = YES;
				CLANG_WARN_DEPRECATED_OBJC_IMPLEMENTATIONS = YES;
				CLANG_WARN_DIRECT_OBJC_ISA_USAGE = YES_ERROR;
				CLANG_WARN_DOCUMENTATION_COMMENTS = YES;
				CLANG_WARN_EMPTY_BODY = YES;
				CLANG_WARN_ENUM_CONVERSION = YES;
				CLANG_WARN_INFINITE_RECURSION = YES;
				CLANG_WARN_INT_CONVERSION = YES;
				CLANG_WARN_NON_LITERAL_NULL_CONVERSION = YES;
				CLANG_WARN_OBJC_IMPLICIT_RETAIN_SELF = YES;
				CLANG_WARN_OBJC_LITERAL_CONVERSION = YES;
				CLANG_WARN_OBJC_ROOT_CLASS = YES_ERROR;
				CLANG_WARN_QUOTED_INCLUDE_IN_FRAMEWORK_HEADER = YES;
				CLANG_WARN_RANGE_LOOP_ANALYSIS = YES;
				CLANG_WARN_STRICT_PROTOTYPES = YES;
				CLANG_WARN_SUSPICIOUS_MOVE = YES;
				CLANG_WARN_UNGUARDED_AVAILABILITY = YES_AGGRESSIVE;
				CLANG_WARN_UNREACHABLE_CODE = YES;
				CLANG_WARN__DUPLICATE_METHOD_MATCH = YES;
				COPY_PHASE_STRIP = NO;
				DEBUG_INFORMATION_FORMAT = "dwarf-with-dsym";
				ENABLE_NS_ASSERTIONS = NO;
				ENABLE_STRICT_OBJC_MSGSEND = YES;
				ENABLE_USER_SCRIPT_SANDBOXING = YES;
				GCC_C_LANGUAGE_STANDARD = gnu17;
				GCC_NO_COMMON_BLOCKS = YES;
				GCC_WARN_64_TO_32_BIT_CONVERSION = YES;
				GCC_WARN_ABOUT_RETURN_TYPE = YES_ERROR;
				GCC_WARN_UNDECLARED_SELECTOR = YES;
				GCC_WARN_UNINITIALIZED_AUTOS = YES_AGGRESSIVE;
				GCC_WARN_UNUSED_FUNCTION = YES;
				GCC_WARN_UNUSED_VARIABLE = YES;
				LOCALIZATION_PREFERS_STRING_CATALOGS = YES;
				MTL_ENABLE_DEBUG_INFO = NO;
				MTL_FAST_MATH = YES;
				SWIFT_COMPILATION_MODE = wholemodule;
			};
			name = Release;
		};
		7D51ECEB2B8F39FA00064AC8 /* Debug */ = {
			isa = XCBuildConfiguration;
			buildSettings = {
				ASSETCATALOG_COMPILER_APPICON_NAME = AppIcon;
				ASSETCATALOG_COMPILER_GLOBAL_ACCENT_COLOR_NAME = AccentColor;
				CODE_SIGN_STYLE = Automatic;
				CURRENT_PROJECT_VERSION = 1;
				DEVELOPMENT_ASSET_PATHS = "\"InfinityFallMaddalone Watch App/Preview Content\"";
				DEVELOPMENT_TEAM = 4TP9VJ2S7B;
				ENABLE_PREVIEWS = YES;
				GENERATE_INFOPLIST_FILE = YES;
				INFOPLIST_KEY_CFBundleDisplayName = InfinityFallMaddalone;
				INFOPLIST_KEY_UISupportedInterfaceOrientations = "UIInterfaceOrientationPortrait UIInterfaceOrientationPortraitUpsideDown";
				INFOPLIST_KEY_WKWatchOnly = YES;
				LD_RUNPATH_SEARCH_PATHS = (
					"$(inherited)",
					"@executable_path/Frameworks",
				);
				MARKETING_VERSION = 1.0;
				PRODUCT_BUNDLE_IDENTIFIER = com.GiovanniMicheleNapoli.InfinityFallMaddalone.watchkitapp;
				PRODUCT_NAME = "$(TARGET_NAME)";
				SDKROOT = watchos;
				SKIP_INSTALL = YES;
				SWIFT_EMIT_LOC_STRINGS = YES;
				SWIFT_VERSION = 5.0;
				TARGETED_DEVICE_FAMILY = 4;
				WATCHOS_DEPLOYMENT_TARGET = 10.2;
			};
			name = Debug;
		};
		7D51ECEC2B8F39FA00064AC8 /* Release */ = {
			isa = XCBuildConfiguration;
			buildSettings = {
				ASSETCATALOG_COMPILER_APPICON_NAME = AppIcon;
				ASSETCATALOG_COMPILER_GLOBAL_ACCENT_COLOR_NAME = AccentColor;
				CODE_SIGN_STYLE = Automatic;
				CURRENT_PROJECT_VERSION = 1;
				DEVELOPMENT_ASSET_PATHS = "\"InfinityFallMaddalone Watch App/Preview Content\"";
				DEVELOPMENT_TEAM = 4TP9VJ2S7B;
				ENABLE_PREVIEWS = YES;
				GENERATE_INFOPLIST_FILE = YES;
				INFOPLIST_KEY_CFBundleDisplayName = InfinityFallMaddalone;
				INFOPLIST_KEY_UISupportedInterfaceOrientations = "UIInterfaceOrientationPortrait UIInterfaceOrientationPortraitUpsideDown";
				INFOPLIST_KEY_WKWatchOnly = YES;
				LD_RUNPATH_SEARCH_PATHS = (
					"$(inherited)",
					"@executable_path/Frameworks",
				);
				MARKETING_VERSION = 1.0;
				PRODUCT_BUNDLE_IDENTIFIER = com.GiovanniMicheleNapoli.InfinityFallMaddalone.watchkitapp;
				PRODUCT_NAME = "$(TARGET_NAME)";
				SDKROOT = watchos;
				SKIP_INSTALL = YES;
				SWIFT_EMIT_LOC_STRINGS = YES;
				SWIFT_VERSION = 5.0;
				TARGETED_DEVICE_FAMILY = 4;
				VALIDATE_PRODUCT = YES;
				WATCHOS_DEPLOYMENT_TARGET = 10.2;
			};
			name = Release;
		};
		7D51ECEF2B8F39FA00064AC8 /* Debug */ = {
			isa = XCBuildConfiguration;
			buildSettings = {
				ALWAYS_EMBED_SWIFT_STANDARD_LIBRARIES = YES;
				CODE_SIGN_STYLE = Automatic;
				CURRENT_PROJECT_VERSION = 1;
				DEVELOPMENT_TEAM = 4TP9VJ2S7B;
				INFOPLIST_KEY_CFBundleDisplayName = InfinityFallMaddalone;
				MARKETING_VERSION = 1.0;
				PRODUCT_BUNDLE_IDENTIFIER = com.GiovanniMicheleNapoli.InfinityFallMaddalone;
				PRODUCT_NAME = "$(TARGET_NAME)";
				SDKROOT = iphoneos;
				SWIFT_VERSION = 5.0;
			};
			name = Debug;
		};
		7D51ECF02B8F39FA00064AC8 /* Release */ = {
			isa = XCBuildConfiguration;
			buildSettings = {
				ALWAYS_EMBED_SWIFT_STANDARD_LIBRARIES = YES;
				CODE_SIGN_STYLE = Automatic;
				CURRENT_PROJECT_VERSION = 1;
				DEVELOPMENT_TEAM = 4TP9VJ2S7B;
				INFOPLIST_KEY_CFBundleDisplayName = InfinityFallMaddalone;
				MARKETING_VERSION = 1.0;
				PRODUCT_BUNDLE_IDENTIFIER = com.GiovanniMicheleNapoli.InfinityFallMaddalone;
				PRODUCT_NAME = "$(TARGET_NAME)";
				SDKROOT = iphoneos;
				SWIFT_VERSION = 5.0;
				VALIDATE_PRODUCT = YES;
			};
			name = Release;
		};
/* End XCBuildConfiguration section */

/* Begin XCConfigurationList section */
		7D51ECD12B8F39F800064AC8 /* Build configuration list for PBXProject "InfinityFallMaddalone" */ = {
			isa = XCConfigurationList;
			buildConfigurations = (
				7D51ECE82B8F39FA00064AC8 /* Debug */,
				7D51ECE92B8F39FA00064AC8 /* Release */,
			);
			defaultConfigurationIsVisible = 0;
			defaultConfigurationName = Release;
		};
		7D51ECEA2B8F39FA00064AC8 /* Build configuration list for PBXNativeTarget "InfinityFallMaddalone Watch App" */ = {
			isa = XCConfigurationList;
			buildConfigurations = (
				7D51ECEB2B8F39FA00064AC8 /* Debug */,
				7D51ECEC2B8F39FA00064AC8 /* Release */,
			);
			defaultConfigurationIsVisible = 0;
			defaultConfigurationName = Release;
		};
		7D51ECEE2B8F39FA00064AC8 /* Build configuration list for PBXNativeTarget "InfinityFallMaddalone" */ = {
			isa = XCConfigurationList;
			buildConfigurations = (
				7D51ECEF2B8F39FA00064AC8 /* Debug */,
				7D51ECF02B8F39FA00064AC8 /* Release */,
			);
			defaultConfigurationIsVisible = 0;
			defaultConfigurationName = Release;
		};
/* End XCConfigurationList section */
	};
	rootObject = 7D51ECCE2B8F39F800064AC8 /* Project object */;
}
